{
  "name": "tstest",
  "version": "1.0.0",
  "lockfileVersion": 2,
  "requires": true,
  "packages": {
    "": {
      "name": "tstest",
      "version": "1.0.0",
      "license": "ISC",
      "dependencies": {
        "assemblyscript-json": "^1.1.0"
      },
      "devDependencies": {
        "@w3bstream/wasm-sdk": "^0.6.1"
      }
    },
    "node_modules/@w3bstream/wasm-sdk": {
      "version": "0.6.1",
      "resolved": "https://registry.npmjs.org/@w3bstream/wasm-sdk/-/wasm-sdk-0.6.1.tgz",
      "integrity": "sha512-Eg3zwcAvYLfyyAH6pDq8sEgW6bWuCEpkmrEn45dg/zQgRoEHjXUiKpnuUQncJ3XbY0Dk2/fcdGBitZUSSoNn5w==",
      "dev": true,
      "dependencies": {
        "@w3bstream/wasm-sdk": "^0.6.0",
        "assemblyscript": "^0.26.7",
        "assemblyscript-json": "^1.1.0"
      },
      "engines": {
        "node": ">=16.0.0"
      }
    },
    "node_modules/assemblyscript": {
      "version": "0.26.7",
      "resolved": "https://registry.npmjs.org/assemblyscript/-/assemblyscript-0.26.7.tgz",
      "integrity": "sha512-+zjr7RZotrNleOc2raZQJVIoMQ906LmZP9Q9C9IUft3o5QIzerQdKboHIwyO4HZUZor3dG0e9vIFK7w1l0PCsw==",
      "dev": true,
      "dependencies": {
        "binaryen": "111.0.0-nightly.20230111",
        "long": "^5.2.0"
      },
      "bin": {
        "asc": "bin/asc.js",
        "asinit": "bin/asinit.js"
      },
      "engines": {
        "node": ">=16.0.0",
        "npm": ">=7.0.0"
      },
      "funding": {
        "type": "opencollective",
        "url": "https://opencollective.com/assemblyscript"
      }
    },
    "node_modules/assemblyscript-json": {
      "version": "1.1.0",
      "resolved": "https://registry.npmjs.org/assemblyscript-json/-/assemblyscript-json-1.1.0.tgz",
      "integrity": "sha512-UbE8ts8csTWQgd5TnSPN7MRV9NveuHv1bVnKmDLoo/tzjqxkmsZb3lu59Uk8H7SGoqdkDSEE049alx/nHnSdFw=="
    },
    "node_modules/binaryen": {
      "version": "111.0.0-nightly.20230111",
      "resolved": "https://registry.npmjs.org/binaryen/-/binaryen-111.0.0-nightly.20230111.tgz",
      "integrity": "sha512-CUEED/yMHoGeGnOZhQJW5+Luf5z/F58PHK5lw2feh5fbbqauodgnxyYkc2oxSjYwHHRCmFmaYyeQH4zlhRbebg==",
      "dev": true,
      "bin": {
        "wasm-opt": "bin/wasm-opt",
        "wasm2js": "bin/wasm2js"
      }
    },
    "node_modules/long": {
      "version": "5.2.3",
      "resolved": "https://registry.npmjs.org/long/-/long-5.2.3.tgz",
      "integrity": "sha512-lcHwpNoggQTObv5apGNCTdJrO69eHOZMi4BNC+rTLER8iHAqGrUVeLh/irVIM7zTw2bOXA8T6uNPeujwOLg/2Q==",
      "dev": true
    }
  },
  "dependencies": {
    "@w3bstream/wasm-sdk": {
      "version": "0.6.1",
      "resolved": "https://registry.npmjs.org/@w3bstream/wasm-sdk/-/wasm-sdk-0.6.1.tgz",
      "integrity": "sha512-Eg3zwcAvYLfyyAH6pDq8sEgW6bWuCEpkmrEn45dg/zQgRoEHjXUiKpnuUQncJ3XbY0Dk2/fcdGBitZUSSoNn5w==",
      "dev": true,
      "requires": {
        "@w3bstream/wasm-sdk": "^0.6.0",
        "assemblyscript": "^0.26.7",
        "assemblyscript-json": "^1.1.0"
      }
    },
    "assemblyscript": {
      "version": "0.26.7",
      "resolved": "https://registry.npmjs.org/assemblyscript/-/assemblyscript-0.26.7.tgz",
      "integrity": "sha512-+zjr7RZotrNleOc2raZQJVIoMQ906LmZP9Q9C9IUft3o5QIzerQdKboHIwyO4HZUZor3dG0e9vIFK7w1l0PCsw==",
      "dev": true,
      "requires": {
        "binaryen": "111.0.0-nightly.20230111",
        "long": "^5.2.0"
      }
    },
    "assemblyscript-json": {
      "version": "1.1.0",
      "resolved": "https://registry.npmjs.org/assemblyscript-json/-/assemblyscript-json-1.1.0.tgz",
      "integrity": "sha512-UbE8ts8csTWQgd5TnSPN7MRV9NveuHv1bVnKmDLoo/tzjqxkmsZb3lu59Uk8H7SGoqdkDSEE049alx/nHnSdFw=="
    },
    "binaryen": {
      "version": "111.0.0-nightly.20230111",
      "resolved": "https://registry.npmjs.org/binaryen/-/binaryen-111.0.0-nightly.20230111.tgz",
      "integrity": "sha512-CUEED/yMHoGeGnOZhQJW5+Luf5z/F58PHK5lw2feh5fbbqauodgnxyYkc2oxSjYwHHRCmFmaYyeQH4zlhRbebg==",
      "dev": true
    },
    "long": {
      "version": "5.2.3",
      "resolved": "https://registry.npmjs.org/long/-/long-5.2.3.tgz",
      "integrity": "sha512-lcHwpNoggQTObv5apGNCTdJrO69eHOZMi4BNC+rTLER8iHAqGrUVeLh/irVIM7zTw2bOXA8T6uNPeujwOLg/2Q==",
      "dev": true
    }
  }
}
